{
  "pins" : [
    {
      "identity" : "realm-core",
      "kind" : "remoteSourceControl",
      "location" : "https://github.com/realm/realm-core.git",
      "state" : {
        "revision" : "e56380f05793998dfea0d87a34b68fdba475961c",
        "version" : "13.9.0"
      }
    },
    {
      "identity" : "realm-swift",
      "kind" : "remoteSourceControl",
      "location" : "https://github.com/realm/realm-swift.git",
      "state" : {
        "branch" : "master",
        "revision" : "4386694d71b6b812b2be5f3f8295d38f5bc70465"
      }
    },
    {
      "identity" : "swiftui-custom-textfield",
      "kind" : "remoteSourceControl",
      "location" : "https://github.com/esatgozcu/SwiftUI-Custom-TextField.git",
      "state" : {
        "branch" : "main",
        "revision" : "688bd3688b7765a44a854411645921063f663e11"
      }
    }
  ],
  "version" : 2
}
