{
  "pins" : [
    {
      "identity" : "bottomsheet",
      "kind" : "remoteSourceControl",
      "location" : "https://github.com/vitalybatrakov/BottomSheet.git",
      "state" : {
        "branch" : "main",
        "revision" : "e49bb18e11566e29847f1f004c407fcf8b8d06c3"
      }
    },
    {
      "identity" : "popupview",
      "kind" : "remoteSourceControl",
      "location" : "https://github.com/exyte/PopupView.git",
      "state" : {
        "revision" : "495fdd42d48000802c545db48915b6227dd64b42",
        "version" : "2.2.1"
      }
    },
    {
      "identity" : "realm-core",
      "kind" : "remoteSourceControl",
      "location" : "https://github.com/realm/realm-core.git",
      "state" : {
        "revision" : "e56380f05793998dfea0d87a34b68fdba475961c",
        "version" : "13.9.0"
      }
    },
    {
      "identity" : "realm-swift",
      "kind" : "remoteSourceControl",
      "location" : "https://github.com/realm/realm-swift.git",
      "state" : {
        "branch" : "master",
        "revision" : "4386694d71b6b812b2be5f3f8295d38f5bc70465"
      }
    },
    {
      "identity" : "snapkit",
      "kind" : "remoteSourceControl",
      "location" : "https://github.com/SnapKit/SnapKit.git",
      "state" : {
        "revision" : "f222cbdf325885926566172f6f5f06af95473158",
        "version" : "5.6.0"
      }
    },
    {
      "identity" : "swiftui-custom-textfield",
      "kind" : "remoteSourceControl",
      "location" : "https://github.com/esatgozcu/SwiftUI-Custom-TextField.git",
      "state" : {
        "branch" : "main",
        "revision" : "688bd3688b7765a44a854411645921063f663e11"
      }
    },
    {
      "identity" : "textview",
      "kind" : "remoteSourceControl",
      "location" : "https://github.com/HumorousGhost/TextView.git",
      "state" : {
        "branch" : "main",
        "revision" : "1427a8d14d3776d6f7c3315504cf01b723c7f548"
      }
    }
  ],
  "version" : 2
}
